
Microsoft Visual Studio Solution File, Format Version 12.00
# Visual Studio 2013
VisualStudioVersion = 12.0.21005.1
MinimumVisualStudioVersion = 10.0.40219.1
Project("{FAE04EC0-301F-11D3-BF4B-00C04F79EFBC}") = "SimpleBlog1", "SimpleBlog1\SimpleBlog1.csproj", "{FC39BF83-4CE0-4688-9AC8-F7EEA113E9AA}"
EndProject
Global
	GlobalSection(SolutionConfigurationPlatforms) = preSolution
		Debug|Any CPU = Debug|Any CPU
		Release|Any CPU = Release|Any CPU
	EndGlobalSection
	GlobalSection(ProjectConfigurationPlatforms) = postSolution
		{FC39BF83-4CE0-4688-9AC8-F7EEA113E9AA}.Debug|Any CPU.ActiveCfg = Debug|Any CPU
		{FC39BF83-4CE0-4688-9AC8-F7EEA113E9AA}.Debug|Any CPU.Build.0 = Debug|Any CPU
		{FC39BF83-4CE0-4688-9AC8-F7EEA113E9AA}.Release|Any CPU.ActiveCfg = Release|Any CPU
		{FC39BF83-4CE0-4688-9AC8-F7EEA113E9AA}.Release|Any CPU.Build.0 = Release|Any CPU
	EndGlobalSection
	GlobalSection(SolutionProperties) = preSolution
		HideSolutionNode = FALSE
	EndGlobalSection
EndGlobal
